
Microsoft Visual Studio Solution File, Format Version 12.00
Project("{2150E333-8FDC-42A3-9474-1A3956D46DE8}") = "Microservises", "Microservises", "{7CD6D961-35FD-4B6F-BE97-83C9492E351B}"
EndProject
Project("{2150E333-8FDC-42A3-9474-1A3956D46DE8}") = "Domain", "Domain", "{25DA336E-7B0F-4E63-91A5-5B48A006A753}"
EndProject
Project("{2150E333-8FDC-42A3-9474-1A3956D46DE8}") = "Infra.Bus", "Infra.Bus", "{0B3F5215-3A87-455C-A539-DDD9E2A08E74}"
EndProject
Project("{2150E333-8FDC-42A3-9474-1A3956D46DE8}") = "Infra.IoC", "Infra.IoC", "{FDE4ABFE-AFCF-4187-BBFF-E65F6E51CA9B}"
EndProject
Project("{2150E333-8FDC-42A3-9474-1A3956D46DE8}") = "Presentation", "Presentation", "{6432192D-10A5-47A2-BCDD-94AC7A5AF511}"
EndProject
Project("{FAE04EC0-301F-11D3-BF4B-00C04F79EFBC}") = "MicroRabbit.Domain.Core", "MicroRabbit.Domain.Core\MicroRabbit.Domain.Core.csproj", "{567F477B-DA31-4A3E-B16D-CF24786293FE}"
EndProject
Project("{FAE04EC0-301F-11D3-BF4B-00C04F79EFBC}") = "MicroRabbit.Infra.Bus", "MicroRabbit.Infra.Bus\MicroRabbit.Infra.Bus.csproj", "{83F6EC59-D74A-4757-BD56-1A2E2A8EE3B0}"
EndProject
Project("{FAE04EC0-301F-11D3-BF4B-00C04F79EFBC}") = "MicroRabbit.Infra.IoC", "MicroRabbit.Infra.IoC\MicroRabbit.Infra.IoC.csproj", "{A01D5194-15BA-4864-BE7F-FC9007419498}"
EndProject
Project("{2150E333-8FDC-42A3-9474-1A3956D46DE8}") = "Banking", "Banking", "{C9C56744-CE71-43E3-BE6D-E08D4BA9B271}"
EndProject
Project("{2150E333-8FDC-42A3-9474-1A3956D46DE8}") = "Api", "Api", "{3842978A-0A15-4CE7-B32F-D5FF3FE71F89}"
EndProject
Project("{2150E333-8FDC-42A3-9474-1A3956D46DE8}") = "Domain", "Domain", "{9A9C1ADA-A1DC-4C27-8737-17A8204D1373}"
EndProject
Project("{2150E333-8FDC-42A3-9474-1A3956D46DE8}") = "Application", "Application", "{ECE88F32-45FF-4A52-9A52-E1B4993C00A6}"
EndProject
Project("{2150E333-8FDC-42A3-9474-1A3956D46DE8}") = "Data", "Data", "{9C3FC583-2E97-4D29-B1EA-B6898845BAE5}"
EndProject
Project("{FAE04EC0-301F-11D3-BF4B-00C04F79EFBC}") = "MicroRabbit.Banking.Api", "MicroRabbit.Banking.Api\MicroRabbit.Banking.Api.csproj", "{A8E32BAB-DCB0-4C91-A9B8-47C66996409C}"
EndProject
Project("{FAE04EC0-301F-11D3-BF4B-00C04F79EFBC}") = "MicroRabbit.Banking.Application", "MicroRabbit.Banking.Application\MicroRabbit.Banking.Application.csproj", "{A5F44B18-5A0D-4481-BA9D-31B46ACCE177}"
EndProject
Project("{FAE04EC0-301F-11D3-BF4B-00C04F79EFBC}") = "MicroRabbit.Banking.Data", "MicroRabbit.Banking.Data\MicroRabbit.Banking.Data.csproj", "{3B5225B6-D543-431E-8C07-E3329144DE8D}"
EndProject
Project("{FAE04EC0-301F-11D3-BF4B-00C04F79EFBC}") = "MicroRabbit.Banking.Domain", "MicroRabbit.Banking.Domain\MicroRabbit.Banking.Domain.csproj", "{025ED849-0124-4BD6-8AD5-0288F7ED260B}"
EndProject
Project("{2150E333-8FDC-42A3-9474-1A3956D46DE8}") = "Transfer", "Transfer", "{C5A9297E-E519-47A1-BE91-939CB9565427}"
EndProject
Project("{2150E333-8FDC-42A3-9474-1A3956D46DE8}") = "Api", "Api", "{313F9C41-3568-43CF-ABA3-2A314E051EDE}"
EndProject
Project("{2150E333-8FDC-42A3-9474-1A3956D46DE8}") = "Application", "Application", "{9A1BF2CE-1EB3-4FB8-B664-1D567ED177C2}"
EndProject
Project("{2150E333-8FDC-42A3-9474-1A3956D46DE8}") = "Data", "Data", "{9C8EC834-A322-456D-8B5E-A1392E8EA7B9}"
EndProject
Project("{2150E333-8FDC-42A3-9474-1A3956D46DE8}") = "Domain", "Domain", "{116AFA40-9094-4B5A-9C36-2AF64F267668}"
EndProject
Project("{FAE04EC0-301F-11D3-BF4B-00C04F79EFBC}") = "MicroRabbit.Transfer.Api", "MicroRabbit.Transfer.Api\MicroRabbit.Transfer.Api.csproj", "{823AA903-5BAC-45E6-9E24-69A52B014304}"
EndProject
Project("{FAE04EC0-301F-11D3-BF4B-00C04F79EFBC}") = "MIcrorabbit.Transfer.Application", "MIcrorabbit.Transfer.Application\MIcrorabbit.Transfer.Application.csproj", "{5D61E637-5120-4DBC-962C-6DA3F775491C}"
EndProject
Project("{FAE04EC0-301F-11D3-BF4B-00C04F79EFBC}") = "MicroRabbit.Transfer.Domain", "MicroRabbit.Transfer.Domain\MicroRabbit.Transfer.Domain.csproj", "{81085D40-9612-4977-9506-C5814D3C9E1D}"
EndProject
Project("{FAE04EC0-301F-11D3-BF4B-00C04F79EFBC}") = "MicroRabbit.Transfer.Data", "MicroRabbit.Transfer.Data\MicroRabbit.Transfer.Data.csproj", "{052A7732-25AD-4B29-A821-049A80ED6B8D}"
EndProject
Global
	GlobalSection(SolutionConfigurationPlatforms) = preSolution
		Debug|Any CPU = Debug|Any CPU
		Release|Any CPU = Release|Any CPU
	EndGlobalSection
	GlobalSection(NestedProjects) = preSolution
		{567F477B-DA31-4A3E-B16D-CF24786293FE} = {25DA336E-7B0F-4E63-91A5-5B48A006A753}
		{83F6EC59-D74A-4757-BD56-1A2E2A8EE3B0} = {0B3F5215-3A87-455C-A539-DDD9E2A08E74}
		{A01D5194-15BA-4864-BE7F-FC9007419498} = {FDE4ABFE-AFCF-4187-BBFF-E65F6E51CA9B}
		{C9C56744-CE71-43E3-BE6D-E08D4BA9B271} = {7CD6D961-35FD-4B6F-BE97-83C9492E351B}
		{3842978A-0A15-4CE7-B32F-D5FF3FE71F89} = {C9C56744-CE71-43E3-BE6D-E08D4BA9B271}
		{9A9C1ADA-A1DC-4C27-8737-17A8204D1373} = {3842978A-0A15-4CE7-B32F-D5FF3FE71F89}
		{ECE88F32-45FF-4A52-9A52-E1B4993C00A6} = {3842978A-0A15-4CE7-B32F-D5FF3FE71F89}
		{9C3FC583-2E97-4D29-B1EA-B6898845BAE5} = {3842978A-0A15-4CE7-B32F-D5FF3FE71F89}
		{A8E32BAB-DCB0-4C91-A9B8-47C66996409C} = {3842978A-0A15-4CE7-B32F-D5FF3FE71F89}
		{A5F44B18-5A0D-4481-BA9D-31B46ACCE177} = {ECE88F32-45FF-4A52-9A52-E1B4993C00A6}
		{3B5225B6-D543-431E-8C07-E3329144DE8D} = {9C3FC583-2E97-4D29-B1EA-B6898845BAE5}
		{025ED849-0124-4BD6-8AD5-0288F7ED260B} = {9A9C1ADA-A1DC-4C27-8737-17A8204D1373}
		{C5A9297E-E519-47A1-BE91-939CB9565427} = {7CD6D961-35FD-4B6F-BE97-83C9492E351B}
		{313F9C41-3568-43CF-ABA3-2A314E051EDE} = {C5A9297E-E519-47A1-BE91-939CB9565427}
		{9A1BF2CE-1EB3-4FB8-B664-1D567ED177C2} = {C5A9297E-E519-47A1-BE91-939CB9565427}
		{9C8EC834-A322-456D-8B5E-A1392E8EA7B9} = {C5A9297E-E519-47A1-BE91-939CB9565427}
		{116AFA40-9094-4B5A-9C36-2AF64F267668} = {C5A9297E-E519-47A1-BE91-939CB9565427}
		{823AA903-5BAC-45E6-9E24-69A52B014304} = {313F9C41-3568-43CF-ABA3-2A314E051EDE}
		{5D61E637-5120-4DBC-962C-6DA3F775491C} = {9A1BF2CE-1EB3-4FB8-B664-1D567ED177C2}
		{81085D40-9612-4977-9506-C5814D3C9E1D} = {116AFA40-9094-4B5A-9C36-2AF64F267668}
		{052A7732-25AD-4B29-A821-049A80ED6B8D} = {9C8EC834-A322-456D-8B5E-A1392E8EA7B9}
	EndGlobalSection
	GlobalSection(ProjectConfigurationPlatforms) = postSolution
		{567F477B-DA31-4A3E-B16D-CF24786293FE}.Debug|Any CPU.ActiveCfg = Debug|Any CPU
		{567F477B-DA31-4A3E-B16D-CF24786293FE}.Debug|Any CPU.Build.0 = Debug|Any CPU
		{567F477B-DA31-4A3E-B16D-CF24786293FE}.Release|Any CPU.ActiveCfg = Release|Any CPU
		{567F477B-DA31-4A3E-B16D-CF24786293FE}.Release|Any CPU.Build.0 = Release|Any CPU
		{83F6EC59-D74A-4757-BD56-1A2E2A8EE3B0}.Debug|Any CPU.ActiveCfg = Debug|Any CPU
		{83F6EC59-D74A-4757-BD56-1A2E2A8EE3B0}.Debug|Any CPU.Build.0 = Debug|Any CPU
		{83F6EC59-D74A-4757-BD56-1A2E2A8EE3B0}.Release|Any CPU.ActiveCfg = Release|Any CPU
		{83F6EC59-D74A-4757-BD56-1A2E2A8EE3B0}.Release|Any CPU.Build.0 = Release|Any CPU
		{A01D5194-15BA-4864-BE7F-FC9007419498}.Debug|Any CPU.ActiveCfg = Debug|Any CPU
		{A01D5194-15BA-4864-BE7F-FC9007419498}.Debug|Any CPU.Build.0 = Debug|Any CPU
		{A01D5194-15BA-4864-BE7F-FC9007419498}.Release|Any CPU.ActiveCfg = Release|Any CPU
		{A01D5194-15BA-4864-BE7F-FC9007419498}.Release|Any CPU.Build.0 = Release|Any CPU
		{A8E32BAB-DCB0-4C91-A9B8-47C66996409C}.Debug|Any CPU.ActiveCfg = Debug|Any CPU
		{A8E32BAB-DCB0-4C91-A9B8-47C66996409C}.Debug|Any CPU.Build.0 = Debug|Any CPU
		{A8E32BAB-DCB0-4C91-A9B8-47C66996409C}.Release|Any CPU.ActiveCfg = Release|Any CPU
		{A8E32BAB-DCB0-4C91-A9B8-47C66996409C}.Release|Any CPU.Build.0 = Release|Any CPU
		{A5F44B18-5A0D-4481-BA9D-31B46ACCE177}.Debug|Any CPU.ActiveCfg = Debug|Any CPU
		{A5F44B18-5A0D-4481-BA9D-31B46ACCE177}.Debug|Any CPU.Build.0 = Debug|Any CPU
		{A5F44B18-5A0D-4481-BA9D-31B46ACCE177}.Release|Any CPU.ActiveCfg = Release|Any CPU
		{A5F44B18-5A0D-4481-BA9D-31B46ACCE177}.Release|Any CPU.Build.0 = Release|Any CPU
		{3B5225B6-D543-431E-8C07-E3329144DE8D}.Debug|Any CPU.ActiveCfg = Debug|Any CPU
		{3B5225B6-D543-431E-8C07-E3329144DE8D}.Debug|Any CPU.Build.0 = Debug|Any CPU
		{3B5225B6-D543-431E-8C07-E3329144DE8D}.Release|Any CPU.ActiveCfg = Release|Any CPU
		{3B5225B6-D543-431E-8C07-E3329144DE8D}.Release|Any CPU.Build.0 = Release|Any CPU
		{025ED849-0124-4BD6-8AD5-0288F7ED260B}.Debug|Any CPU.ActiveCfg = Debug|Any CPU
		{025ED849-0124-4BD6-8AD5-0288F7ED260B}.Debug|Any CPU.Build.0 = Debug|Any CPU
		{025ED849-0124-4BD6-8AD5-0288F7ED260B}.Release|Any CPU.ActiveCfg = Release|Any CPU
		{025ED849-0124-4BD6-8AD5-0288F7ED260B}.Release|Any CPU.Build.0 = Release|Any CPU
		{823AA903-5BAC-45E6-9E24-69A52B014304}.Debug|Any CPU.ActiveCfg = Debug|Any CPU
		{823AA903-5BAC-45E6-9E24-69A52B014304}.Debug|Any CPU.Build.0 = Debug|Any CPU
		{823AA903-5BAC-45E6-9E24-69A52B014304}.Release|Any CPU.ActiveCfg = Release|Any CPU
		{823AA903-5BAC-45E6-9E24-69A52B014304}.Release|Any CPU.Build.0 = Release|Any CPU
		{5D61E637-5120-4DBC-962C-6DA3F775491C}.Debug|Any CPU.ActiveCfg = Debug|Any CPU
		{5D61E637-5120-4DBC-962C-6DA3F775491C}.Debug|Any CPU.Build.0 = Debug|Any CPU
		{5D61E637-5120-4DBC-962C-6DA3F775491C}.Release|Any CPU.ActiveCfg = Release|Any CPU
		{5D61E637-5120-4DBC-962C-6DA3F775491C}.Release|Any CPU.Build.0 = Release|Any CPU
		{81085D40-9612-4977-9506-C5814D3C9E1D}.Debug|Any CPU.ActiveCfg = Debug|Any CPU
		{81085D40-9612-4977-9506-C5814D3C9E1D}.Debug|Any CPU.Build.0 = Debug|Any CPU
		{81085D40-9612-4977-9506-C5814D3C9E1D}.Release|Any CPU.ActiveCfg = Release|Any CPU
		{81085D40-9612-4977-9506-C5814D3C9E1D}.Release|Any CPU.Build.0 = Release|Any CPU
		{052A7732-25AD-4B29-A821-049A80ED6B8D}.Debug|Any CPU.ActiveCfg = Debug|Any CPU
		{052A7732-25AD-4B29-A821-049A80ED6B8D}.Debug|Any CPU.Build.0 = Debug|Any CPU
		{052A7732-25AD-4B29-A821-049A80ED6B8D}.Release|Any CPU.ActiveCfg = Release|Any CPU
		{052A7732-25AD-4B29-A821-049A80ED6B8D}.Release|Any CPU.Build.0 = Release|Any CPU
	EndGlobalSection
EndGlobal
